<?xml version="1.0" encoding="utf-8"?>
<Project ToolsVersion="4.0" xmlns="http://schemas.microsoft.com/developer/msbuild/2003">
  <ItemGroup>
    <Filter Include="deps">
      <UniqueIdentifier>{F1A1957C-DDD8-960D-86C5-7C1072DB120F}</UniqueIdentifier>
    </Filter>
    <Filter Include="deps\cxxopts">
      <UniqueIdentifier>{B9E84D73-A54B-DD17-4ED1-15CE3A13A99A}</UniqueIdentifier>
    </Filter>
    <Filter Include="deps\fmt">
      <UniqueIdentifier>{A7B8A231-9385-FD3C-BC9E-EBE4A8CA32CB}</UniqueIdentifier>
    </Filter>
    <Filter Include="deps\freetype">
      <UniqueIdentifier>{C45FEEA6-3020-6ADD-F95A-B35A65DAAEB9}</UniqueIdentifier>
    </Filter>
    <Filter Include="deps\freetype\include">
      <UniqueIdentifier>{370BB10C-A377-6C07-6C6B-0465D8968E6F}</UniqueIdentifier>
    </Filter>
    <Filter Include="deps\freetype\include\freetype">
      <UniqueIdentifier>{CA97D3F5-B6BD-9D5C-9F03-23288BC8C228}</UniqueIdentifier>
    </Filter>
    <Filter Include="deps\freetype\include\freetype\config">
      <UniqueIdentifier>{AF3FEC1B-1B04-EB0B-E469-1BD650ED8641}</UniqueIdentifier>
    </Filter>
    <Filter Include="deps\glfw">
      <UniqueIdentifier>{5054FA65-BCBE-AEDC-05FD-5F8271A68C31}</UniqueIdentifier>
    </Filter>
    <Filter Include="deps\glfw\include">
      <UniqueIdentifier>{C3CB7EF6-2FE2-7C8C-7859-08AEE4AE4D14}</UniqueIdentifier>
    </Filter>
    <Filter Include="deps\glfw\include\GLFW">
      <UniqueIdentifier>{E258CE06-CE52-F758-B7BF-8D69A3585DC5}</UniqueIdentifier>
    </Filter>
    <Filter Include="deps\imgui">
      <UniqueIdentifier>{1BA06925-0758-AB72-705F-84CE5C364663}</UniqueIdentifier>
    </Filter>
    <Filter Include="drawing">
      <UniqueIdentifier>{B1C78926-1DA7-08C2-26BF-9398921D6F23}</UniqueIdentifier>
    </Filter>
    <Filter Include="drawing\datatypes">
      <UniqueIdentifier>{4F96657B-BBAC-6311-0424-EF3270793499}</UniqueIdentifier>
    </Filter>
    <Filter Include="drawing\font">
      <UniqueIdentifier>{77932B77-63F6-BA1B-0C7C-F3D1F8BD869E}</UniqueIdentifier>
    </Filter>
    <Filter Include="resources">
      <UniqueIdentifier>{202B5BA7-8C95-0F1E-D5D3-C0C3417DED72}</UniqueIdentifier>
    </Filter>
  </ItemGroup>
  <ItemGroup>
    <ClInclude Include="blur.h" />
    <ClInclude Include="config.h" />
    <ClInclude Include="console.h" />
    <ClInclude Include="deps\cxxopts\cxxopts.hpp">
      <Filter>deps\cxxopts</Filter>
    </ClInclude>
    <ClInclude Include="deps\fmt\args.h">
      <Filter>deps\fmt</Filter>
    </ClInclude>
    <ClInclude Include="deps\fmt\chrono.h">
      <Filter>deps\fmt</Filter>
    </ClInclude>
    <ClInclude Include="deps\fmt\color.h">
      <Filter>deps\fmt</Filter>
    </ClInclude>
    <ClInclude Include="deps\fmt\compile.h">
      <Filter>deps\fmt</Filter>
    </ClInclude>
    <ClInclude Include="deps\fmt\core.h">
      <Filter>deps\fmt</Filter>
    </ClInclude>
    <ClInclude Include="deps\fmt\format-inl.h">
      <Filter>deps\fmt</Filter>
    </ClInclude>
    <ClInclude Include="deps\fmt\format.h">
      <Filter>deps\fmt</Filter>
    </ClInclude>
    <ClInclude Include="deps\fmt\os.h">
      <Filter>deps\fmt</Filter>
    </ClInclude>
    <ClInclude Include="deps\fmt\ostream.h">
      <Filter>deps\fmt</Filter>
    </ClInclude>
    <ClInclude Include="deps\fmt\printf.h">
      <Filter>deps\fmt</Filter>
    </ClInclude>
    <ClInclude Include="deps\fmt\ranges.h">
      <Filter>deps\fmt</Filter>
    </ClInclude>
    <ClInclude Include="deps\fmt\std.h">
      <Filter>deps\fmt</Filter>
    </ClInclude>
    <ClInclude Include="deps\fmt\xchar.h">
      <Filter>deps\fmt</Filter>
    </ClInclude>
    <ClInclude Include="deps\freetype\include\freetype\config\ftconfig.h">
      <Filter>deps\freetype\include\freetype\config</Filter>
    </ClInclude>
    <ClInclude Include="deps\freetype\include\freetype\config\ftheader.h">
      <Filter>deps\freetype\include\freetype\config</Filter>
    </ClInclude>
    <ClInclude Include="deps\freetype\include\freetype\config\ftmodule.h">
      <Filter>deps\freetype\include\freetype\config</Filter>
    </ClInclude>
    <ClInclude Include="deps\freetype\include\freetype\config\ftoption.h">
      <Filter>deps\freetype\include\freetype\config</Filter>
    </ClInclude>
    <ClInclude Include="deps\freetype\include\freetype\config\ftstdlib.h">
      <Filter>deps\freetype\include\freetype\config</Filter>
    </ClInclude>
    <ClInclude Include="deps\freetype\include\freetype\config\integer-types.h">
      <Filter>deps\freetype\include\freetype\config</Filter>
    </ClInclude>
    <ClInclude Include="deps\freetype\include\freetype\config\mac-support.h">
      <Filter>deps\freetype\include\freetype\config</Filter>
    </ClInclude>
    <ClInclude Include="deps\freetype\include\freetype\config\public-macros.h">
      <Filter>deps\freetype\include\freetype\config</Filter>
    </ClInclude>
    <ClInclude Include="deps\freetype\include\freetype\freetype.h">
      <Filter>deps\freetype\include\freetype</Filter>
    </ClInclude>
    <ClInclude Include="deps\freetype\include\freetype\ftadvanc.h">
      <Filter>deps\freetype\include\freetype</Filter>
    </ClInclude>
    <ClInclude Include="deps\freetype\include\freetype\ftbbox.h">
      <Filter>deps\freetype\include\freetype</Filter>
    </ClInclude>
    <ClInclude Include="deps\freetype\include\freetype\ftbdf.h">
      <Filter>deps\freetype\include\freetype</Filter>
    </ClInclude>
    <ClInclude Include="deps\freetype\include\freetype\ftbitmap.h">
      <Filter>deps\freetype\include\freetype</Filter>
    </ClInclude>
    <ClInclude Include="deps\freetype\include\freetype\ftbzip2.h">
      <Filter>deps\freetype\include\freetype</Filter>
    </ClInclude>
    <ClInclude Include="deps\freetype\include\freetype\ftcache.h">
      <Filter>deps\freetype\include\freetype</Filter>
    </ClInclude>
    <ClInclude Include="deps\freetype\include\freetype\ftchapters.h">
      <Filter>deps\freetype\include\freetype</Filter>
    </ClInclude>
    <ClInclude Include="deps\freetype\include\freetype\ftcid.h">
      <Filter>deps\freetype\include\freetype</Filter>
    </ClInclude>
    <ClInclude Include="deps\freetype\include\freetype\ftcolor.h">
      <Filter>deps\freetype\include\freetype</Filter>
    </ClInclude>
    <ClInclude Include="deps\freetype\include\freetype\ftdriver.h">
      <Filter>deps\freetype\include\freetype</Filter>
    </ClInclude>
    <ClInclude Include="deps\freetype\include\freetype\fterrdef.h">
      <Filter>deps\freetype\include\freetype</Filter>
    </ClInclude>
    <ClInclude Include="deps\freetype\include\freetype\fterrors.h">
      <Filter>deps\freetype\include\freetype</Filter>
    </ClInclude>
    <ClInclude Include="deps\freetype\include\freetype\ftfntfmt.h">
      <Filter>deps\freetype\include\freetype</Filter>
    </ClInclude>
    <ClInclude Include="deps\freetype\include\freetype\ftgasp.h">
      <Filter>deps\freetype\include\freetype</Filter>
    </ClInclude>
    <ClInclude Include="deps\freetype\include\freetype\ftglyph.h">
      <Filter>deps\freetype\include\freetype</Filter>
    </ClInclude>
    <ClInclude Include="deps\freetype\include\freetype\ftgxval.h">
      <Filter>deps\freetype\include\freetype</Filter>
    </ClInclude>
    <ClInclude Include="deps\freetype\include\freetype\ftgzip.h">
      <Filter>deps\freetype\include\freetype</Filter>
    </ClInclude>
    <ClInclude Include="deps\freetype\include\freetype\ftimage.h">
      <Filter>deps\freetype\include\freetype</Filter>
    </ClInclude>
    <ClInclude Include="deps\freetype\include\freetype\ftincrem.h">
      <Filter>deps\freetype\include\freetype</Filter>
    </ClInclude>
    <ClInclude Include="deps\freetype\include\freetype\ftlcdfil.h">
      <Filter>deps\freetype\include\freetype</Filter>
    </ClInclude>
    <ClInclude Include="deps\freetype\include\freetype\ftlist.h">
      <Filter>deps\freetype\include\freetype</Filter>
    </ClInclude>
    <ClInclude Include="deps\freetype\include\freetype\ftlogging.h">
      <Filter>deps\freetype\include\freetype</Filter>
    </ClInclude>
    <ClInclude Include="deps\freetype\include\freetype\ftlzw.h">
      <Filter>deps\freetype\include\freetype</Filter>
    </ClInclude>
    <ClInclude Include="deps\freetype\include\freetype\ftmac.h">
      <Filter>deps\freetype\include\freetype</Filter>
    </ClInclude>
    <ClInclude Include="deps\freetype\include\freetype\ftmm.h">
      <Filter>deps\freetype\include\freetype</Filter>
    </ClInclude>
    <ClInclude Include="deps\freetype\include\freetype\ftmodapi.h">
      <Filter>deps\freetype\include\freetype</Filter>
    </ClInclude>
    <ClInclude Include="deps\freetype\include\freetype\ftmoderr.h">
      <Filter>deps\freetype\include\freetype</Filter>
    </ClInclude>
    <ClInclude Include="deps\freetype\include\freetype\ftotval.h">
      <Filter>deps\freetype\include\freetype</Filter>
    </ClInclude>
    <ClInclude Include="deps\freetype\include\freetype\ftoutln.h">
      <Filter>deps\freetype\include\freetype</Filter>
    </ClInclude>
    <ClInclude Include="deps\freetype\include\freetype\ftparams.h">
      <Filter>deps\freetype\include\freetype</Filter>
    </ClInclude>
    <ClInclude Include="deps\freetype\include\freetype\ftpfr.h">
      <Filter>deps\freetype\include\freetype</Filter>
    </ClInclude>
    <ClInclude Include="deps\freetype\include\freetype\ftrender.h">
      <Filter>deps\freetype\include\freetype</Filter>
    </ClInclude>
    <ClInclude Include="deps\freetype\include\freetype\ftsizes.h">
      <Filter>deps\freetype\include\freetype</Filter>
    </ClInclude>
    <ClInclude Include="deps\freetype\include\freetype\ftsnames.h">
      <Filter>deps\freetype\include\freetype</Filter>
    </ClInclude>
    <ClInclude Include="deps\freetype\include\freetype\ftstroke.h">
      <Filter>deps\freetype\include\freetype</Filter>
    </ClInclude>
    <ClInclude Include="deps\freetype\include\freetype\ftsynth.h">
      <Filter>deps\freetype\include\freetype</Filter>
    </ClInclude>
    <ClInclude Include="deps\freetype\include\freetype\ftsystem.h">
      <Filter>deps\freetype\include\freetype</Filter>
    </ClInclude>
    <ClInclude Include="deps\freetype\include\freetype\fttrigon.h">
      <Filter>deps\freetype\include\freetype</Filter>
    </ClInclude>
    <ClInclude Include="deps\freetype\include\freetype\fttypes.h">
      <Filter>deps\freetype\include\freetype</Filter>
    </ClInclude>
    <ClInclude Include="deps\freetype\include\freetype\ftwinfnt.h">
      <Filter>deps\freetype\include\freetype</Filter>
    </ClInclude>
    <ClInclude Include="deps\freetype\include\freetype\otsvg.h">
      <Filter>deps\freetype\include\freetype</Filter>
    </ClInclude>
    <ClInclude Include="deps\freetype\include\freetype\t1tables.h">
      <Filter>deps\freetype\include\freetype</Filter>
    </ClInclude>
    <ClInclude Include="deps\freetype\include\freetype\ttnameid.h">
      <Filter>deps\freetype\include\freetype</Filter>
    </ClInclude>
    <ClInclude Include="deps\freetype\include\freetype\tttables.h">
      <Filter>deps\freetype\include\freetype</Filter>
    </ClInclude>
    <ClInclude Include="deps\freetype\include\freetype\tttags.h">
      <Filter>deps\freetype\include\freetype</Filter>
    </ClInclude>
    <ClInclude Include="deps\freetype\include\ft2build.h">
      <Filter>deps\freetype\include</Filter>
    </ClInclude>
    <ClInclude Include="deps\glfw\include\GLFW\glfw3.h">
      <Filter>deps\glfw\include\GLFW</Filter>
    </ClInclude>
    <ClInclude Include="deps\glfw\include\GLFW\glfw3native.h">
      <Filter>deps\glfw\include\GLFW</Filter>
    </ClInclude>
    <ClInclude Include="deps\imgui\imconfig.h">
      <Filter>deps\imgui</Filter>
    </ClInclude>
    <ClInclude Include="deps\imgui\imgui.h">
      <Filter>deps\imgui</Filter>
    </ClInclude>
    <ClInclude Include="deps\imgui\imgui_freetype.h">
      <Filter>deps\imgui</Filter>
    </ClInclude>
    <ClInclude Include="deps\imgui\imgui_impl_glfw.h">
      <Filter>deps\imgui</Filter>
    </ClInclude>
    <ClInclude Include="deps\imgui\imgui_impl_opengl3.h">
      <Filter>deps\imgui</Filter>
    </ClInclude>
    <ClInclude Include="deps\imgui\imgui_impl_opengl3_loader.h">
      <Filter>deps\imgui</Filter>
    </ClInclude>
    <ClInclude Include="deps\imgui\imgui_internal.h">
      <Filter>deps\imgui</Filter>
    </ClInclude>
    <ClInclude Include="deps\imgui\imstb_rectpack.h">
      <Filter>deps\imgui</Filter>
    </ClInclude>
    <ClInclude Include="deps\imgui\imstb_textedit.h">
      <Filter>deps\imgui</Filter>
    </ClInclude>
    <ClInclude Include="drawing\datatypes\datatypes.h">
      <Filter>drawing\datatypes</Filter>
    </ClInclude>
    <ClInclude Include="drawing\datatypes\s_colour.h">
      <Filter>drawing\datatypes</Filter>
    </ClInclude>
    <ClInclude Include="drawing\datatypes\s_point.h">
      <Filter>drawing\datatypes</Filter>
    </ClInclude>
    <ClInclude Include="drawing\datatypes\s_rect.h">
      <Filter>drawing\datatypes</Filter>
    </ClInclude>
    <ClInclude Include="drawing\datatypes\s_size.h">
      <Filter>drawing\datatypes</Filter>
    </ClInclude>
    <ClInclude Include="drawing\drawing.h">
      <Filter>drawing</Filter>
    </ClInclude>
    <ClInclude Include="drawing\font\font.h">
      <Filter>drawing\font</Filter>
    </ClInclude>
    <ClInclude Include="gui.h" />
    <ClInclude Include="helpers.h" />
    <ClInclude Include="includes.h" />
    <ClInclude Include="pch.h" />
    <ClInclude Include="preview.h" />
    <ClInclude Include="rendering.h" />
    <ClInclude Include="resource.h" />
    <ClInclude Include="script_handler.h" />
  </ItemGroup>
  <ItemGroup>
    <ClCompile Include="blur.cpp" />
    <ClCompile Include="config.cpp" />
    <ClCompile Include="console.cpp" />
    <ClCompile Include="deps\imgui\imgui.cpp">
      <Filter>deps\imgui</Filter>
    </ClCompile>
    <ClCompile Include="deps\imgui\imgui_draw.cpp">
      <Filter>deps\imgui</Filter>
    </ClCompile>
    <ClCompile Include="deps\imgui\imgui_freetype.cpp">
      <Filter>deps\imgui</Filter>
    </ClCompile>
    <ClCompile Include="deps\imgui\imgui_impl_glfw.cpp">
      <Filter>deps\imgui</Filter>
    </ClCompile>
    <ClCompile Include="deps\imgui\imgui_impl_opengl3.cpp">
      <Filter>deps\imgui</Filter>
    </ClCompile>
    <ClCompile Include="deps\imgui\imgui_tables.cpp">
      <Filter>deps\imgui</Filter>
    </ClCompile>
    <ClCompile Include="deps\imgui\imgui_widgets.cpp">
      <Filter>deps\imgui</Filter>
    </ClCompile>
    <ClCompile Include="drawing\datatypes\s_colour.cpp">
      <Filter>drawing\datatypes</Filter>
    </ClCompile>
    <ClCompile Include="drawing\datatypes\s_point.cpp">
      <Filter>drawing\datatypes</Filter>
    </ClCompile>
    <ClCompile Include="drawing\drawing.cpp">
      <Filter>drawing</Filter>
    </ClCompile>
    <ClCompile Include="drawing\font\font.cpp">
      <Filter>drawing\font</Filter>
    </ClCompile>
    <ClCompile Include="gui.cpp" />
    <ClCompile Include="helpers.cpp" />
    <ClCompile Include="main.cpp" />
    <ClCompile Include="pch.cpp" />
    <ClCompile Include="preview.cpp" />
    <ClCompile Include="rendering.cpp" />
    <ClCompile Include="script_handler.cpp" />
  </ItemGroup>
  <ItemGroup>
    <None Include="resources\blur.ico">
      <Filter>resources</Filter>
    </None>
  </ItemGroup>
  <ItemGroup>
    <ResourceCompile Include="blur.rc" />
  </ItemGroup>
</Project>